
Microsoft Visual Studio Solution File, Format Version 12.00
# Visual Studio Version 17
VisualStudioVersion = 17.0.31903.59
MinimumVisualStudioVersion = 10.0.40219.1
Project("{FAE04EC0-301F-11D3-BF4B-00C04F79EFBC}") = "Geometry_Application", "Geometry_Application\Geometry_Application.csproj", "{1487E69F-FB09-4A8D-AB18-BFC5A6FB2BE2}"
EndProject
Project("{FAE04EC0-301F-11D3-BF4B-00C04F79EFBC}") = "Geometry_Application_Console", "Geometry_Application_Console\Geometry_Application_Console.csproj", "{DBE848C7-DB59-4D8A-9576-661D8433212F}"
EndProject
Project("{FAE04EC0-301F-11D3-BF4B-00C04F79EFBC}") = "Geometry_Application_Test", "Geometry_Application_Test\Geometry_Application_Test.csproj", "{0DA10C35-517B-4027-BB36-F6E49BD93EBC}"
EndProject
Global
	GlobalSection(SolutionConfigurationPlatforms) = preSolution
		Debug|Any CPU = Debug|Any CPU
		Release|Any CPU = Release|Any CPU
	EndGlobalSection
	GlobalSection(SolutionProperties) = preSolution
		HideSolutionNode = FALSE
	EndGlobalSection
	GlobalSection(ProjectConfigurationPlatforms) = postSolution
		{1487E69F-FB09-4A8D-AB18-BFC5A6FB2BE2}.Debug|Any CPU.ActiveCfg = Debug|Any CPU
		{1487E69F-FB09-4A8D-AB18-BFC5A6FB2BE2}.Debug|Any CPU.Build.0 = Debug|Any CPU
		{1487E69F-FB09-4A8D-AB18-BFC5A6FB2BE2}.Release|Any CPU.ActiveCfg = Release|Any CPU
		{1487E69F-FB09-4A8D-AB18-BFC5A6FB2BE2}.Release|Any CPU.Build.0 = Release|Any CPU
		{DBE848C7-DB59-4D8A-9576-661D8433212F}.Debug|Any CPU.ActiveCfg = Debug|Any CPU
		{DBE848C7-DB59-4D8A-9576-661D8433212F}.Debug|Any CPU.Build.0 = Debug|Any CPU
		{DBE848C7-DB59-4D8A-9576-661D8433212F}.Release|Any CPU.ActiveCfg = Release|Any CPU
		{DBE848C7-DB59-4D8A-9576-661D8433212F}.Release|Any CPU.Build.0 = Release|Any CPU
		{0DA10C35-517B-4027-BB36-F6E49BD93EBC}.Debug|Any CPU.ActiveCfg = Debug|Any CPU
		{0DA10C35-517B-4027-BB36-F6E49BD93EBC}.Debug|Any CPU.Build.0 = Debug|Any CPU
		{0DA10C35-517B-4027-BB36-F6E49BD93EBC}.Release|Any CPU.ActiveCfg = Release|Any CPU
		{0DA10C35-517B-4027-BB36-F6E49BD93EBC}.Release|Any CPU.Build.0 = Release|Any CPU
	EndGlobalSection
EndGlobal
